
Microsoft Visual Studio Solution File, Format Version 12.00
# Visual Studio Version 17
VisualStudioVersion = 17.8.34511.84
MinimumVisualStudioVersion = 10.0.40219.1
Project("{9A19103F-16F7-4668-BE54-9A1E7A4F7556}") = "Bar_Card", "LR_4_Mobile_Technology\Bar_Card.csproj", "{AB307693-10D8-44FD-B4C1-5761CAF6ECFF}"
EndProject
Global
	GlobalSection(SolutionConfigurationPlatforms) = preSolution
		Debug|Any CPU = Debug|Any CPU
		Release|Any CPU = Release|Any CPU
	EndGlobalSection
	GlobalSection(ProjectConfigurationPlatforms) = postSolution
		{AB307693-10D8-44FD-B4C1-5761CAF6ECFF}.Debug|Any CPU.ActiveCfg = Debug|Any CPU
		{AB307693-10D8-44FD-B4C1-5761CAF6ECFF}.Debug|Any CPU.Build.0 = Debug|Any CPU
		{AB307693-10D8-44FD-B4C1-5761CAF6ECFF}.Debug|Any CPU.Deploy.0 = Debug|Any CPU
		{AB307693-10D8-44FD-B4C1-5761CAF6ECFF}.Release|Any CPU.ActiveCfg = Release|Any CPU
		{AB307693-10D8-44FD-B4C1-5761CAF6ECFF}.Release|Any CPU.Build.0 = Release|Any CPU
		{AB307693-10D8-44FD-B4C1-5761CAF6ECFF}.Release|Any CPU.Deploy.0 = Release|Any CPU
	EndGlobalSection
	GlobalSection(SolutionProperties) = preSolution
		HideSolutionNode = FALSE
	EndGlobalSection
	GlobalSection(ExtensibilityGlobals) = postSolution
		SolutionGuid = {606E1B4F-65E8-436D-B042-1EE4D5B91983}
	EndGlobalSection
EndGlobal
